{
  "name": "rcontest",
  "version": "1.0.0",
  "lockfileVersion": 1,
  "requires": true,
  "dependencies": {
    "long": {
      "version": "2.4.0",
      "resolved": "https://registry.npmjs.org/long/-/long-2.4.0.tgz",
      "integrity": "sha1-n6GAux2VAM3CnEFWdmoZleH0Uk8="
    },
    "rcon": {
      "version": "1.0.3",
      "resolved": "https://registry.npmjs.org/rcon/-/rcon-1.0.3.tgz",
      "integrity": "sha1-1X6jqkXCg+1UbOwNIlmAE40B2ZI="
    },
    "should": {
      "version": "7.1.1",
      "resolved": "https://registry.npmjs.org/should/-/should-7.1.1.tgz",
      "integrity": "sha1-ZGTEi298Hh8YrASDV4+i3VXCxuA=",
      "requires": {
        "should-equal": "0.5.0",
        "should-format": "0.3.1",
        "should-type": "0.2.0"
      }
    },
    "should-equal": {
      "version": "0.5.0",
      "resolved": "http://registry.npmjs.org/should-equal/-/should-equal-0.5.0.tgz",
      "integrity": "sha1-x5fxNfMGf+tp6+zbMGscP+IbPm8=",
      "requires": {
        "should-type": "0.2.0"
      }
    },
    "should-format": {
      "version": "0.3.1",
      "resolved": "https://registry.npmjs.org/should-format/-/should-format-0.3.1.tgz",
      "integrity": "sha1-LLt4JGFnCs5CkrKx7EaNuM+Z4zA=",
      "requires": {
        "should-type": "0.2.0"
      }
    },
    "should-type": {
      "version": "0.2.0",
      "resolved": "https://registry.npmjs.org/should-type/-/should-type-0.2.0.tgz",
      "integrity": "sha1-ZwfvlVKdmJ3MCY/gdTqx+RNrt/Y="
    },
    "srcds-rcon": {
      "version": "2.2.1",
      "resolved": "https://registry.npmjs.org/srcds-rcon/-/srcds-rcon-2.2.1.tgz",
      "integrity": "sha1-b7AZKEIK3dorh9l+MaDWB+mrgCc="
    },
    "steamid-interop": {
      "version": "1.0.3",
      "resolved": "https://registry.npmjs.org/steamid-interop/-/steamid-interop-1.0.3.tgz",
      "integrity": "sha1-wQjJbjSbQ+/4Jp8Rz1qlFWb4sgI=",
      "requires": {
        "long": "^2.2.5",
        "should": "^7.0.1"
      }
    }
  }
}
